
Microsoft Visual Studio Solution File, Format Version 12.00
# Visual Studio Version 17
VisualStudioVersion = 17.5.002.0
MinimumVisualStudioVersion = 10.0.40219.1
Project("{2150E333-8FDC-42A3-9474-1A3956D46DE8}") = "src", "src", "{3BDF2291-98D7-4A31-82AA-42CF3254CD4B}"
EndProject
Project("{9A19103F-16F7-4668-BE54-9A1E7A4F7556}") = "Vda", "src\Vda\Vda.csproj", "{D651B77C-DD52-4550-8CCF-A4A39BFCE0EB}"
EndProject
Project("{2150E333-8FDC-42A3-9474-1A3956D46DE8}") = "tests", "tests", "{CDC6196A-CCB1-4F8E-8A54-75770A97941C}"
EndProject
Project("{9A19103F-16F7-4668-BE54-9A1E7A4F7556}") = "Vda.Tests", "tests\Vda.Tests\Vda.Tests.csproj", "{B6EC13F5-5AEA-4EFA-8BBC-84CB5D3F96A4}"
EndProject
Global
	GlobalSection(SolutionConfigurationPlatforms) = preSolution
		Debug|Any CPU = Debug|Any CPU
		Release|Any CPU = Release|Any CPU
	EndGlobalSection
	GlobalSection(ProjectConfigurationPlatforms) = postSolution
		{D651B77C-DD52-4550-8CCF-A4A39BFCE0EB}.Debug|Any CPU.ActiveCfg = Debug|Any CPU
		{D651B77C-DD52-4550-8CCF-A4A39BFCE0EB}.Debug|Any CPU.Build.0 = Debug|Any CPU
		{D651B77C-DD52-4550-8CCF-A4A39BFCE0EB}.Release|Any CPU.ActiveCfg = Release|Any CPU
		{D651B77C-DD52-4550-8CCF-A4A39BFCE0EB}.Release|Any CPU.Build.0 = Release|Any CPU
		{B6EC13F5-5AEA-4EFA-8BBC-84CB5D3F96A4}.Debug|Any CPU.ActiveCfg = Debug|Any CPU
		{B6EC13F5-5AEA-4EFA-8BBC-84CB5D3F96A4}.Debug|Any CPU.Build.0 = Debug|Any CPU
		{B6EC13F5-5AEA-4EFA-8BBC-84CB5D3F96A4}.Release|Any CPU.ActiveCfg = Release|Any CPU
		{B6EC13F5-5AEA-4EFA-8BBC-84CB5D3F96A4}.Release|Any CPU.Build.0 = Release|Any CPU
	EndGlobalSection
	GlobalSection(SolutionProperties) = preSolution
		HideSolutionNode = FALSE
	EndGlobalSection
	GlobalSection(NestedProjects) = preSolution
		{D651B77C-DD52-4550-8CCF-A4A39BFCE0EB} = {3BDF2291-98D7-4A31-82AA-42CF3254CD4B}
		{B6EC13F5-5AEA-4EFA-8BBC-84CB5D3F96A4} = {CDC6196A-CCB1-4F8E-8A54-75770A97941C}
	EndGlobalSection
	GlobalSection(ExtensibilityGlobals) = postSolution
		SolutionGuid = {38D8A064-586B-463B-AF3B-B66C5ABC6316}
	EndGlobalSection
EndGlobal
